
Microsoft Visual Studio Solution File, Format Version 12.00
# Visual Studio Version 16
VisualStudioVersion = 16.0.31105.61
MinimumVisualStudioVersion = 10.0.40219.1
Project("{8BC9CEB8-8B4A-11D0-8D11-00A0C91BC942}") = "UnicodeConvAtl", "UnicodeConvAtl\UnicodeConvAtl.vcxproj", "{D3C35BE1-3975-42F3-B865-F516D4C7B975}"
EndProject
Global
	GlobalSection(SolutionConfigurationPlatforms) = preSolution
		Debug|x64 = Debug|x64
		Debug|x86 = Debug|x86
		Release|x64 = Release|x64
		Release|x86 = Release|x86
	EndGlobalSection
	GlobalSection(ProjectConfigurationPlatforms) = postSolution
		{D3C35BE1-3975-42F3-B865-F516D4C7B975}.Debug|x64.ActiveCfg = Debug|x64
		{D3C35BE1-3975-42F3-B865-F516D4C7B975}.Debug|x64.Build.0 = Debug|x64
		{D3C35BE1-3975-42F3-B865-F516D4C7B975}.Debug|x86.ActiveCfg = Debug|Win32
		{D3C35BE1-3975-42F3-B865-F516D4C7B975}.Debug|x86.Build.0 = Debug|Win32
		{D3C35BE1-3975-42F3-B865-F516D4C7B975}.Release|x64.ActiveCfg = Release|x64
		{D3C35BE1-3975-42F3-B865-F516D4C7B975}.Release|x64.Build.0 = Release|x64
		{D3C35BE1-3975-42F3-B865-F516D4C7B975}.Release|x86.ActiveCfg = Release|Win32
		{D3C35BE1-3975-42F3-B865-F516D4C7B975}.Release|x86.Build.0 = Release|Win32
	EndGlobalSection
	GlobalSection(SolutionProperties) = preSolution
		HideSolutionNode = FALSE
	EndGlobalSection
	GlobalSection(ExtensibilityGlobals) = postSolution
		SolutionGuid = {0926A432-09F9-428B-9845-3569794D7AA7}
	EndGlobalSection
EndGlobal
